
Microsoft Visual Studio Solution File, Format Version 12.00
# Visual Studio 2013
VisualStudioVersion = 12.0.31101.0
MinimumVisualStudioVersion = 10.0.40219.1
Project("{FAE04EC0-301F-11D3-BF4B-00C04F79EFBC}") = "Kinect2SimpleServer", "Kinect2SimpleServer\Kinect2SimpleServer.csproj", "{087F0620-5D90-42A6-A194-06C43FB5E835}"
EndProject
Global
	GlobalSection(SolutionConfigurationPlatforms) = preSolution
		Debug|Any CPU = Debug|Any CPU
		Release|Any CPU = Release|Any CPU
	EndGlobalSection
	GlobalSection(ProjectConfigurationPlatforms) = postSolution
		{087F0620-5D90-42A6-A194-06C43FB5E835}.Debug|Any CPU.ActiveCfg = Debug|Any CPU
		{087F0620-5D90-42A6-A194-06C43FB5E835}.Debug|Any CPU.Build.0 = Debug|Any CPU
		{087F0620-5D90-42A6-A194-06C43FB5E835}.Release|Any CPU.ActiveCfg = Release|Any CPU
		{087F0620-5D90-42A6-A194-06C43FB5E835}.Release|Any CPU.Build.0 = Release|Any CPU
	EndGlobalSection
	GlobalSection(SolutionProperties) = preSolution
		HideSolutionNode = FALSE
	EndGlobalSection
EndGlobal
